
Microsoft Visual Studio Solution File, Format Version 12.00
# Visual Studio Version 16
VisualStudioVersion = 16.0.32901.82
MinimumVisualStudioVersion = 10.0.40219.1
Project("{FAE04EC0-301F-11D3-BF4B-00C04F79EFBC}") = "bss-scheduler", "bss-scheduler\bss-scheduler.csproj", "{C353107B-B6D3-4D95-A69C-BD1773D65F28}"
EndProject
Global
	GlobalSection(SolutionConfigurationPlatforms) = preSolution
		Debug|Any CPU = Debug|Any CPU
		Release|Any CPU = Release|Any CPU
	EndGlobalSection
	GlobalSection(ProjectConfigurationPlatforms) = postSolution
		{C353107B-B6D3-4D95-A69C-BD1773D65F28}.Debug|Any CPU.ActiveCfg = Debug|Any CPU
		{C353107B-B6D3-4D95-A69C-BD1773D65F28}.Debug|Any CPU.Build.0 = Debug|Any CPU
		{C353107B-B6D3-4D95-A69C-BD1773D65F28}.Release|Any CPU.ActiveCfg = Release|Any CPU
		{C353107B-B6D3-4D95-A69C-BD1773D65F28}.Release|Any CPU.Build.0 = Release|Any CPU
	EndGlobalSection
	GlobalSection(SolutionProperties) = preSolution
		HideSolutionNode = FALSE
	EndGlobalSection
	GlobalSection(ExtensibilityGlobals) = postSolution
		SolutionGuid = {6D22C876-2D30-4FED-B3F4-93BE07184A89}
	EndGlobalSection
EndGlobal
